
Microsoft Visual Studio Solution File, Format Version 12.00
# Visual Studio Version 16
VisualStudioVersion = 16.0.29409.12
MinimumVisualStudioVersion = 10.0.40219.1
Project("{FAE04EC0-301F-11D3-BF4B-00C04F79EFBC}") = "DublettenSuche.ConsoleApp", "DublettenSuche.ConsoleApp.csproj", "{BEA5538D-28F4-421F-90DE-0639F337B6AA}"
EndProject
Global
	GlobalSection(SolutionConfigurationPlatforms) = preSolution
		Debug|Any CPU = Debug|Any CPU
		Release|Any CPU = Release|Any CPU
	EndGlobalSection
	GlobalSection(ProjectConfigurationPlatforms) = postSolution
		{BEA5538D-28F4-421F-90DE-0639F337B6AA}.Debug|Any CPU.ActiveCfg = Debug|Any CPU
		{BEA5538D-28F4-421F-90DE-0639F337B6AA}.Debug|Any CPU.Build.0 = Debug|Any CPU
		{BEA5538D-28F4-421F-90DE-0639F337B6AA}.Release|Any CPU.ActiveCfg = Release|Any CPU
		{BEA5538D-28F4-421F-90DE-0639F337B6AA}.Release|Any CPU.Build.0 = Release|Any CPU
	EndGlobalSection
	GlobalSection(SolutionProperties) = preSolution
		HideSolutionNode = FALSE
	EndGlobalSection
	GlobalSection(ExtensibilityGlobals) = postSolution
		SolutionGuid = {C8DD59AB-2635-4788-BDED-516B0A35D9D6}
	EndGlobalSection
EndGlobal
